
Microsoft Visual Studio Solution File, Format Version 12.00
# Visual Studio Version 16
VisualStudioVersion = 16.0.29025.244
MinimumVisualStudioVersion = 10.0.40219.1
Project("{9A19103F-16F7-4668-BE54-9A1E7A4F7556}") = "ppedv.VollE.Model", "ppedv.VollE.Model\ppedv.VollE.Model.csproj", "{3E56E50D-2428-4A07-9156-B6B04B04125F}"
EndProject
Project("{FAE04EC0-301F-11D3-BF4B-00C04F79EFBC}") = "ppedv.VollE.Data.EF", "ppedv.VollE.Data.EF\ppedv.VollE.Data.EF.csproj", "{F3D45886-CE3D-42F9-9F3B-05AB7CD948CD}"
EndProject
Project("{FAE04EC0-301F-11D3-BF4B-00C04F79EFBC}") = "ppedv.VollE.Data.EF.Tests", "ppedv.VollE.Data.EF.Tests\ppedv.VollE.Data.EF.Tests.csproj", "{4594E13F-3968-480F-B735-D293AC71C5A4}"
EndProject
Project("{9A19103F-16F7-4668-BE54-9A1E7A4F7556}") = "ppedv.VollE.Logic", "ppedv.VollE.Logic\ppedv.VollE.Logic.csproj", "{B51F92E2-4688-4AD1-B413-C7AEAB214AAB}"
EndProject
Project("{FAE04EC0-301F-11D3-BF4B-00C04F79EFBC}") = "ppedv.VollE.UI.WPF", "ppedv.VollE.UI.WPF\ppedv.VollE.UI.WPF.csproj", "{C4D39AEA-F5F3-49D5-A905-0F3C07A05C41}"
EndProject
Project("{FAE04EC0-301F-11D3-BF4B-00C04F79EFBC}") = "ppedv.VollE.Logic.Tests", "ppedv.VollE.Logic.Tests\ppedv.VollE.Logic.Tests.csproj", "{ADEF01FA-1665-40FA-AFFE-E30F99F348BA}"
EndProject
Global
	GlobalSection(SolutionConfigurationPlatforms) = preSolution
		Debug|Any CPU = Debug|Any CPU
		Release|Any CPU = Release|Any CPU
	EndGlobalSection
	GlobalSection(ProjectConfigurationPlatforms) = postSolution
		{3E56E50D-2428-4A07-9156-B6B04B04125F}.Debug|Any CPU.ActiveCfg = Debug|Any CPU
		{3E56E50D-2428-4A07-9156-B6B04B04125F}.Debug|Any CPU.Build.0 = Debug|Any CPU
		{3E56E50D-2428-4A07-9156-B6B04B04125F}.Release|Any CPU.ActiveCfg = Release|Any CPU
		{3E56E50D-2428-4A07-9156-B6B04B04125F}.Release|Any CPU.Build.0 = Release|Any CPU
		{F3D45886-CE3D-42F9-9F3B-05AB7CD948CD}.Debug|Any CPU.ActiveCfg = Debug|Any CPU
		{F3D45886-CE3D-42F9-9F3B-05AB7CD948CD}.Debug|Any CPU.Build.0 = Debug|Any CPU
		{F3D45886-CE3D-42F9-9F3B-05AB7CD948CD}.Release|Any CPU.ActiveCfg = Release|Any CPU
		{F3D45886-CE3D-42F9-9F3B-05AB7CD948CD}.Release|Any CPU.Build.0 = Release|Any CPU
		{4594E13F-3968-480F-B735-D293AC71C5A4}.Debug|Any CPU.ActiveCfg = Debug|Any CPU
		{4594E13F-3968-480F-B735-D293AC71C5A4}.Debug|Any CPU.Build.0 = Debug|Any CPU
		{4594E13F-3968-480F-B735-D293AC71C5A4}.Release|Any CPU.ActiveCfg = Release|Any CPU
		{4594E13F-3968-480F-B735-D293AC71C5A4}.Release|Any CPU.Build.0 = Release|Any CPU
		{B51F92E2-4688-4AD1-B413-C7AEAB214AAB}.Debug|Any CPU.ActiveCfg = Debug|Any CPU
		{B51F92E2-4688-4AD1-B413-C7AEAB214AAB}.Debug|Any CPU.Build.0 = Debug|Any CPU
		{B51F92E2-4688-4AD1-B413-C7AEAB214AAB}.Release|Any CPU.ActiveCfg = Release|Any CPU
		{B51F92E2-4688-4AD1-B413-C7AEAB214AAB}.Release|Any CPU.Build.0 = Release|Any CPU
		{C4D39AEA-F5F3-49D5-A905-0F3C07A05C41}.Debug|Any CPU.ActiveCfg = Debug|Any CPU
		{C4D39AEA-F5F3-49D5-A905-0F3C07A05C41}.Debug|Any CPU.Build.0 = Debug|Any CPU
		{C4D39AEA-F5F3-49D5-A905-0F3C07A05C41}.Release|Any CPU.ActiveCfg = Release|Any CPU
		{C4D39AEA-F5F3-49D5-A905-0F3C07A05C41}.Release|Any CPU.Build.0 = Release|Any CPU
		{ADEF01FA-1665-40FA-AFFE-E30F99F348BA}.Debug|Any CPU.ActiveCfg = Debug|Any CPU
		{ADEF01FA-1665-40FA-AFFE-E30F99F348BA}.Debug|Any CPU.Build.0 = Debug|Any CPU
		{ADEF01FA-1665-40FA-AFFE-E30F99F348BA}.Release|Any CPU.ActiveCfg = Release|Any CPU
		{ADEF01FA-1665-40FA-AFFE-E30F99F348BA}.Release|Any CPU.Build.0 = Release|Any CPU
	EndGlobalSection
	GlobalSection(SolutionProperties) = preSolution
		HideSolutionNode = FALSE
	EndGlobalSection
	GlobalSection(ExtensibilityGlobals) = postSolution
		SolutionGuid = {79CFE360-4FE6-4614-94D4-A1763CA61661}
	EndGlobalSection
EndGlobal
